// !$*UTF8*$!
{
	archiveVersion = 1;
	classes = {
	};
	objectVersion = 46;
	objects = {

/* Begin PBXBuildFile section */
		D5BA1D3E1CA7297B00B222A6 /* AppDelegate.swift in Sources */ = {isa = PBXBuildFile; fileRef = D5BA1D3D1CA7297B00B222A6 /* AppDelegate.swift */; };
		D5BA1D4A1CA7297B00B222A6 /* LaunchScreen.storyboard in Resources */ = {isa = PBXBuildFile; fileRef = D5BA1D481CA7297B00B222A6 /* LaunchScreen.storyboard */; };
		D5BA1D541CA7298F00B222A6 /* MapViewController.swift in Sources */ = {isa = PBXBuildFile; fileRef = D5BA1D511CA7298F00B222A6 /* MapViewController.swift */; };
		D5BA1D551CA7298F00B222A6 /* PostViewController.swift in Sources */ = {isa = PBXBuildFile; fileRef = D5BA1D521CA7298F00B222A6 /* PostViewController.swift */; };
		D5BA1D561CA7298F00B222A6 /* TrendingViewController.swift in Sources */ = {isa = PBXBuildFile; fileRef = D5BA1D531CA7298F00B222A6 /* TrendingViewController.swift */; };
		D5BA1D581CA729A100B222A6 /* Main.storyboard in Resources */ = {isa = PBXBuildFile; fileRef = D5BA1D571CA729A100B222A6 /* Main.storyboard */; };
		D5BA1D5A1CA7466B00B222A6 /* Assets.xcassets in Resources */ = {isa = PBXBuildFile; fileRef = D5BA1D591CA7466B00B222A6 /* Assets.xcassets */; };
		D5BA1D5C1CA748D100B222A6 /* BulletTabBarController.swift in Sources */ = {isa = PBXBuildFile; fileRef = D5BA1D5B1CA748D100B222A6 /* BulletTabBarController.swift */; };
		D5BA1D601CA78C5800B222A6 /* Default-568h@2x.png in Resources */ = {isa = PBXBuildFile; fileRef = D5BA1D5F1CA78C5800B222A6 /* Default-568h@2x.png */; };
		D5BA1D621CA7A07300B222A6 /* CollectionViewCell.swift in Sources */ = {isa = PBXBuildFile; fileRef = D5BA1D611CA7A07300B222A6 /* CollectionViewCell.swift */; };
/* End PBXBuildFile section */

/* Begin PBXFileReference section */
		D5BA1D3A1CA7297B00B222A6 /* Bullet.app */ = {isa = PBXFileReference; explicitFileType = wrapper.application; includeInIndex = 0; path = Bullet.app; sourceTree = BUILT_PRODUCTS_DIR; };
		D5BA1D3D1CA7297B00B222A6 /* AppDelegate.swift */ = {isa = PBXFileReference; lastKnownFileType = sourcecode.swift; path = AppDelegate.swift; sourceTree = "<group>"; };
		D5BA1D491CA7297B00B222A6 /* Base */ = {isa = PBXFileReference; lastKnownFileType = file.storyboard; name = Base; path = Base.lproj/LaunchScreen.storyboard; sourceTree = "<group>"; };
		D5BA1D4B1CA7297B00B222A6 /* Info.plist */ = {isa = PBXFileReference; lastKnownFileType = text.plist.xml; path = Info.plist; sourceTree = "<group>"; };
		D5BA1D511CA7298F00B222A6 /* MapViewController.swift */ = {isa = PBXFileReference; fileEncoding = 4; lastKnownFileType = sourcecode.swift; path = MapViewController.swift; sourceTree = "<group>"; };
		D5BA1D521CA7298F00B222A6 /* PostViewController.swift */ = {isa = PBXFileReference; fileEncoding = 4; lastKnownFileType = sourcecode.swift; path = PostViewController.swift; sourceTree = "<group>"; };
		D5BA1D531CA7298F00B222A6 /* TrendingViewController.swift */ = {isa = PBXFileReference; fileEncoding = 4; lastKnownFileType = sourcecode.swift; path = TrendingViewController.swift; sourceTree = "<group>"; };
		D5BA1D571CA729A100B222A6 /* Main.storyboard */ = {isa = PBXFileReference; fileEncoding = 4; lastKnownFileType = file.storyboard; path = Main.storyboard; sourceTree = "<group>"; };
		D5BA1D591CA7466B00B222A6 /* Assets.xcassets */ = {isa = PBXFileReference; lastKnownFileType = folder.assetcatalog; path = Assets.xcassets; sourceTree = "<group>"; };
		D5BA1D5B1CA748D100B222A6 /* BulletTabBarController.swift */ = {isa = PBXFileReference; fileEncoding = 4; lastKnownFileType = sourcecode.swift; path = BulletTabBarController.swift; sourceTree = "<group>"; };
		D5BA1D5F1CA78C5800B222A6 /* Default-568h@2x.png */ = {isa = PBXFileReference; lastKnownFileType = image.png; path = "Default-568h@2x.png"; sourceTree = "<group>"; };
		D5BA1D611CA7A07300B222A6 /* CollectionViewCell.swift */ = {isa = PBXFileReference; fileEncoding = 4; lastKnownFileType = sourcecode.swift; path = CollectionViewCell.swift; sourceTree = "<group>"; };
/* End PBXFileReference section */

/* Begin PBXFrameworksBuildPhase section */
		D5BA1D371CA7297B00B222A6 /* Frameworks */ = {
			isa = PBXFrameworksBuildPhase;
			buildActionMask = 2147483647;
			files = (
			);
			runOnlyForDeploymentPostprocessing = 0;
		};
/* End PBXFrameworksBuildPhase section */

/* Begin PBXGroup section */
		D5BA1D311CA7297B00B222A6 = {
			isa = PBXGroup;
			children = (
				D5BA1D5F1CA78C5800B222A6 /* Default-568h@2x.png */,
				D5BA1D3C1CA7297B00B222A6 /* Bullet */,
				D5BA1D3B1CA7297B00B222A6 /* Products */,
			);
			sourceTree = "<group>";
		};
		D5BA1D3B1CA7297B00B222A6 /* Products */ = {
			isa = PBXGroup;
			children = (
				D5BA1D3A1CA7297B00B222A6 /* Bullet.app */,
			);
			name = Products;
			sourceTree = "<group>";
		};
		D5BA1D3C1CA7297B00B222A6 /* Bullet */ = {
			isa = PBXGroup;
			children = (
				D5BA1D3D1CA7297B00B222A6 /* AppDelegate.swift */,
				D5BA1D5B1CA748D100B222A6 /* BulletTabBarController.swift */,
				D5BA1D611CA7A07300B222A6 /* CollectionViewCell.swift */,
				D5BA1D511CA7298F00B222A6 /* MapViewController.swift */,
				D5BA1D521CA7298F00B222A6 /* PostViewController.swift */,
				D5BA1D531CA7298F00B222A6 /* TrendingViewController.swift */,
				D5BA1D571CA729A100B222A6 /* Main.storyboard */,
				D5BA1D591CA7466B00B222A6 /* Assets.xcassets */,
				D5BA1D481CA7297B00B222A6 /* LaunchScreen.storyboard */,
				D5BA1D4B1CA7297B00B222A6 /* Info.plist */,
			);
			path = Bullet;
			sourceTree = "<group>";
		};
/* End PBXGroup section */

/* Begin PBXNativeTarget section */
		D5BA1D391CA7297B00B222A6 /* Bullet */ = {
			isa = PBXNativeTarget;
			buildConfigurationList = D5BA1D4E1CA7297B00B222A6 /* Build configuration list for PBXNativeTarget "Bullet" */;
			buildPhases = (
				D5BA1D361CA7297B00B222A6 /* Sources */,
				D5BA1D371CA7297B00B222A6 /* Frameworks */,
				D5BA1D381CA7297B00B222A6 /* Resources */,
			);
			buildRules = (
			);
			dependencies = (
			);
			name = Bullet;
			productName = Bullet;
			productReference = D5BA1D3A1CA7297B00B222A6 /* Bullet.app */;
			productType = "com.apple.product-type.application";
		};
/* End PBXNativeTarget section */

/* Begin PBXProject section */
		D5BA1D321CA7297B00B222A6 /* Project object */ = {
			isa = PBXProject;
			attributes = {
				LastSwiftUpdateCheck = 0730;
				LastUpgradeCheck = 0730;
				ORGANIZATIONNAME = "Jordan Lu";
				TargetAttributes = {
					D5BA1D391CA7297B00B222A6 = {
						CreatedOnToolsVersion = 7.3;
						DevelopmentTeam = 575HDY793S;
					};
				};
			};
			buildConfigurationList = D5BA1D351CA7297B00B222A6 /* Build configuration list for PBXProject "Bullet" */;
			compatibilityVersion = "Xcode 3.2";
			developmentRegion = English;
			hasScannedForEncodings = 0;
			knownRegions = (
				en,
				Base,
			);
			mainGroup = D5BA1D311CA7297B00B222A6;
			productRefGroup = D5BA1D3B1CA7297B00B222A6 /* Products */;
			projectDirPath = "";
			projectRoot = "";
			targets = (
				D5BA1D391CA7297B00B222A6 /* Bullet */,
			);
		};
/* End PBXProject section */

/* Begin PBXResourcesBuildPhase section */
		D5BA1D381CA7297B00B222A6 /* Resources */ = {
			isa = PBXResourcesBuildPhase;
			buildActionMask = 2147483647;
			files = (
				D5BA1D4A1CA7297B00B222A6 /* LaunchScreen.storyboard in Resources */,
				D5BA1D601CA78C5800B222A6 /* Default-568h@2x.png in Resources */,
				D5BA1D5A1CA7466B00B222A6 /* Assets.xcassets in Resources */,
				D5BA1D581CA729A100B222A6 /* Main.storyboard in Resources */,
			);
			runOnlyForDeploymentPostprocessing = 0;
		};
/* End PBXResourcesBuildPhase section */

/* Begin PBXSourcesBuildPhase section */
		D5BA1D361CA7297B00B222A6 /* Sources */ = {
			isa = PBXSourcesBuildPhase;
			buildActionMask = 2147483647;
			files = (
				D5BA1D5C1CA748D100B222A6 /* BulletTabBarController.swift in Sources */,
				D5BA1D3E1CA7297B00B222A6 /* AppDelegate.swift in Sources */,
				D5BA1D621CA7A07300B222A6 /* CollectionViewCell.swift in Sources */,
				D5BA1D541CA7298F00B222A6 /* MapViewController.swift in Sources */,
				D5BA1D551CA7298F00B222A6 /* PostViewController.swift in Sources */,
				D5BA1D561CA7298F00B222A6 /* TrendingViewController.swift in Sources */,
			);
			runOnlyForDeploymentPostprocessing = 0;
		};
/* End PBXSourcesBuildPhase section */

/* Begin PBXVariantGroup section */
		D5BA1D481CA7297B00B222A6 /* LaunchScreen.storyboard */ = {
			isa = PBXVariantGroup;
			children = (
				D5BA1D491CA7297B00B222A6 /* Base */,
			);
			name = LaunchScreen.storyboard;
			sourceTree = "<group>";
		};
/* End PBXVariantGroup section */

/* Begin XCBuildConfiguration section */
		D5BA1D4C1CA7297B00B222A6 /* Debug */ = {
			isa = XCBuildConfiguration;
			buildSettings = {
				ALWAYS_SEARCH_USER_PATHS = NO;
				CLANG_ANALYZER_NONNULL = YES;
				CLANG_CXX_LANGUAGE_STANDARD = "gnu++0x";
				CLANG_CXX_LIBRARY = "libc++";
				CLANG_ENABLE_MODULES = YES;
				CLANG_ENABLE_OBJC_ARC = YES;
				CLANG_WARN_BOOL_CONVERSION = YES;
				CLANG_WARN_CONSTANT_CONVERSION = YES;
				CLANG_WARN_DIRECT_OBJC_ISA_USAGE = YES_ERROR;
				CLANG_WARN_EMPTY_BODY = YES;
				CLANG_WARN_ENUM_CONVERSION = YES;
				CLANG_WARN_INT_CONVERSION = YES;
				CLANG_WARN_OBJC_ROOT_CLASS = YES_ERROR;
				CLANG_WARN_UNREACHABLE_CODE = YES;
				CLANG_WARN__DUPLICATE_METHOD_MATCH = YES;
				"CODE_SIGN_IDENTITY[sdk=iphoneos*]" = "iPhone Developer";
				COPY_PHASE_STRIP = NO;
				DEBUG_INFORMATION_FORMAT = dwarf;
				ENABLE_STRICT_OBJC_MSGSEND = YES;
				ENABLE_TESTABILITY = YES;
				GCC_C_LANGUAGE_STANDARD = gnu99;
				GCC_DYNAMIC_NO_PIC = NO;
				GCC_NO_COMMON_BLOCKS = YES;
				GCC_OPTIMIZATION_LEVEL = 0;
				GCC_PREPROCESSOR_DEFINITIONS = (
					"DEBUG=1",
					"$(inherited)",
				);
				GCC_WARN_64_TO_32_BIT_CONVERSION = YES;
				GCC_WARN_ABOUT_RETURN_TYPE = YES_ERROR;
				GCC_WARN_UNDECLARED_SELECTOR = YES;
				GCC_WARN_UNINITIALIZED_AUTOS = YES_AGGRESSIVE;
				GCC_WARN_UNUSED_FUNCTION = YES;
				GCC_WARN_UNUSED_VARIABLE = YES;
				IPHONEOS_DEPLOYMENT_TARGET = 9.3;
				MTL_ENABLE_DEBUG_INFO = YES;
				ONLY_ACTIVE_ARCH = YES;
				SDKROOT = iphoneos;
				SWIFT_OPTIMIZATION_LEVEL = "-Onone";
				TARGETED_DEVICE_FAMILY = "1,2";
			};
			name = Debug;
		};
		D5BA1D4D1CA7297B00B222A6 /* Release */ = {
			isa = XCBuildConfiguration;
			buildSettings = {
				ALWAYS_SEARCH_USER_PATHS = NO;
				CLANG_ANALYZER_NONNULL = YES;
				CLANG_CXX_LANGUAGE_STANDARD = "gnu++0x";
				CLANG_CXX_LIBRARY = "libc++";
				CLANG_ENABLE_MODULES = YES;
				CLANG_ENABLE_OBJC_ARC = YES;
				CLANG_WARN_BOOL_CONVERSION = YES;
				CLANG_WARN_CONSTANT_CONVERSION = YES;
				CLANG_WARN_DIRECT_OBJC_ISA_USAGE = YES_ERROR;
				CLANG_WARN_EMPTY_BODY = YES;
				CLANG_WARN_ENUM_CONVERSION = YES;
				CLANG_WARN_INT_CONVERSION = YES;
				CLANG_WARN_OBJC_ROOT_CLASS = YES_ERROR;
				CLANG_WARN_UNREACHABLE_CODE = YES;
				CLANG_WARN__DUPLICATE_METHOD_MATCH = YES;
				"CODE_SIGN_IDENTITY[sdk=iphoneos*]" = "iPhone Developer";
				COPY_PHASE_STRIP = NO;
				DEBUG_INFORMATION_FORMAT = "dwarf-with-dsym";
				ENABLE_NS_ASSERTIONS = NO;
				ENABLE_STRICT_OBJC_MSGSEND = YES;
				GCC_C_LANGUAGE_STANDARD = gnu99;
				GCC_NO_COMMON_BLOCKS = YES;
				GCC_WARN_64_TO_32_BIT_CONVERSION = YES;
				GCC_WARN_ABOUT_RETURN_TYPE = YES_ERROR;
				GCC_WARN_UNDECLARED_SELECTOR = YES;
				GCC_WARN_UNINITIALIZED_AUTOS = YES_AGGRESSIVE;
				GCC_WARN_UNUSED_FUNCTION = YES;
				GCC_WARN_UNUSED_VARIABLE = YES;
				IPHONEOS_DEPLOYMENT_TARGET = 9.3;
				MTL_ENABLE_DEBUG_INFO = NO;
				SDKROOT = iphoneos;
				TARGETED_DEVICE_FAMILY = "1,2";
				VALIDATE_PRODUCT = YES;
			};
			name = Release;
		};
		D5BA1D4F1CA7297B00B222A6 /* Debug */ = {
			isa = XCBuildConfiguration;
			buildSettings = {
				ASSETCATALOG_COMPILER_APPICON_NAME = AppIcon;
				CODE_SIGN_IDENTITY = "iPhone Developer";
				"CODE_SIGN_IDENTITY[sdk=iphoneos*]" = "iPhone Developer";
				INFOPLIST_FILE = Bullet/Info.plist;
				LD_RUNPATH_SEARCH_PATHS = "$(inherited) @executable_path/Frameworks";
				PRODUCT_BUNDLE_IDENTIFIER = jordan.Bullet;
				PRODUCT_NAME = "$(TARGET_NAME)";
				PROVISIONING_PROFILE = "";
			};
			name = Debug;
		};
		D5BA1D501CA7297B00B222A6 /* Release */ = {
			isa = XCBuildConfiguration;
			buildSettings = {
				ASSETCATALOG_COMPILER_APPICON_NAME = AppIcon;
				CODE_SIGN_IDENTITY = "iPhone Developer";
				"CODE_SIGN_IDENTITY[sdk=iphoneos*]" = "iPhone Developer";
				INFOPLIST_FILE = Bullet/Info.plist;
				LD_RUNPATH_SEARCH_PATHS = "$(inherited) @executable_path/Frameworks";
				PRODUCT_BUNDLE_IDENTIFIER = jordan.Bullet;
				PRODUCT_NAME = "$(TARGET_NAME)";
				PROVISIONING_PROFILE = "";
			};
			name = Release;
		};
/* End XCBuildConfiguration section */

/* Begin XCConfigurationList section */
		D5BA1D351CA7297B00B222A6 /* Build configuration list for PBXProject "Bullet" */ = {
			isa = XCConfigurationList;
			buildConfigurations = (
				D5BA1D4C1CA7297B00B222A6 /* Debug */,
				D5BA1D4D1CA7297B00B222A6 /* Release */,
			);
			defaultConfigurationIsVisible = 0;
			defaultConfigurationName = Release;
		};
		D5BA1D4E1CA7297B00B222A6 /* Build configuration list for PBXNativeTarget "Bullet" */ = {
			isa = XCConfigurationList;
			buildConfigurations = (
				D5BA1D4F1CA7297B00B222A6 /* Debug */,
				D5BA1D501CA7297B00B222A6 /* Release */,
			);
			defaultConfigurationIsVisible = 0;
			defaultConfigurationName = Release;
		};
/* End XCConfigurationList section */
	};
	rootObject = D5BA1D321CA7297B00B222A6 /* Project object */;
}
